
Microsoft Visual Studio Solution File, Format Version 12.00
# Visual Studio Version 17
VisualStudioVersion = 17.9.34728.123
MinimumVisualStudioVersion = 10.0.40219.1
Project("{FAE04EC0-301F-11D3-BF4B-00C04F79EFBC}") = "NotePad", "NotePad\NotePad.csproj", "{D34F959A-5900-4EBF-8EFB-2AAF898BFA5A}"
EndProject
Global
	GlobalSection(SolutionConfigurationPlatforms) = preSolution
		Debug|Any CPU = Debug|Any CPU
		Release|Any CPU = Release|Any CPU
	EndGlobalSection
	GlobalSection(ProjectConfigurationPlatforms) = postSolution
		{D34F959A-5900-4EBF-8EFB-2AAF898BFA5A}.Debug|Any CPU.ActiveCfg = Debug|Any CPU
		{D34F959A-5900-4EBF-8EFB-2AAF898BFA5A}.Debug|Any CPU.Build.0 = Debug|Any CPU
		{D34F959A-5900-4EBF-8EFB-2AAF898BFA5A}.Release|Any CPU.ActiveCfg = Release|Any CPU
		{D34F959A-5900-4EBF-8EFB-2AAF898BFA5A}.Release|Any CPU.Build.0 = Release|Any CPU
	EndGlobalSection
	GlobalSection(SolutionProperties) = preSolution
		HideSolutionNode = FALSE
	EndGlobalSection
	GlobalSection(ExtensibilityGlobals) = postSolution
		SolutionGuid = {45E53072-9AF2-4A79-986E-D9DA1749413B}
	EndGlobalSection
EndGlobal
